// !$*UTF8*$!
{
	archiveVersion = 1;
	classes = {
	};
	objectVersion = 48;
	objects = {

/* Begin PBXBuildFile section */
		B3BC6D921FA8B72700688624 /* AppDelegate.swift in Sources */ = {isa = PBXBuildFile; fileRef = B3BC6D911FA8B72700688624 /* AppDelegate.swift */; };
		B3BC6D941FA8B72700688624 /* ViewController.swift in Sources */ = {isa = PBXBuildFile; fileRef = B3BC6D931FA8B72700688624 /* ViewController.swift */; };
		B3BC6D971FA8B72700688624 /* Main.storyboard in Resources */ = {isa = PBXBuildFile; fileRef = B3BC6D951FA8B72700688624 /* Main.storyboard */; };
		B3BC6D991FA8B72700688624 /* Assets.xcassets in Resources */ = {isa = PBXBuildFile; fileRef = B3BC6D981FA8B72700688624 /* Assets.xcassets */; };
		B3BC6D9C1FA8B72700688624 /* LaunchScreen.storyboard in Resources */ = {isa = PBXBuildFile; fileRef = B3BC6D9A1FA8B72700688624 /* LaunchScreen.storyboard */; };
		B3BC6DA71FA8B72700688624 /* PHPTRAVELSIOSTests.swift in Sources */ = {isa = PBXBuildFile; fileRef = B3BC6DA61FA8B72700688624 /* PHPTRAVELSIOSTests.swift */; };
		B3BC6DB21FA8B72700688624 /* PHPTRAVELSIOSUITests.swift in Sources */ = {isa = PBXBuildFile; fileRef = B3BC6DB11FA8B72700688624 /* PHPTRAVELSIOSUITests.swift */; };
/* End PBXBuildFile section */

/* Begin PBXContainerItemProxy section */
		B3BC6DA31FA8B72700688624 /* PBXContainerItemProxy */ = {
			isa = PBXContainerItemProxy;
			containerPortal = B3BC6D861FA8B72700688624 /* Project object */;
			proxyType = 1;
			remoteGlobalIDString = B3BC6D8D1FA8B72700688624;
			remoteInfo = PHPTRAVELSIOS;
		};
		B3BC6DAE1FA8B72700688624 /* PBXContainerItemProxy */ = {
			isa = PBXContainerItemProxy;
			containerPortal = B3BC6D861FA8B72700688624 /* Project object */;
			proxyType = 1;
			remoteGlobalIDString = B3BC6D8D1FA8B72700688624;
			remoteInfo = PHPTRAVELSIOS;
		};
/* End PBXContainerItemProxy section */

/* Begin PBXFileReference section */
		B3BC6D8E1FA8B72700688624 /* PHPTRAVELSIOS.app */ = {isa = PBXFileReference; explicitFileType = wrapper.application; includeInIndex = 0; path = PHPTRAVELSIOS.app; sourceTree = BUILT_PRODUCTS_DIR; };
		B3BC6D911FA8B72700688624 /* AppDelegate.swift */ = {isa = PBXFileReference; lastKnownFileType = sourcecode.swift; path = AppDelegate.swift; sourceTree = "<group>"; };
		B3BC6D931FA8B72700688624 /* ViewController.swift */ = {isa = PBXFileReference; lastKnownFileType = sourcecode.swift; path = ViewController.swift; sourceTree = "<group>"; };
		B3BC6D961FA8B72700688624 /* Base */ = {isa = PBXFileReference; lastKnownFileType = file.storyboard; name = Base; path = Base.lproj/Main.storyboard; sourceTree = "<group>"; };
		B3BC6D981FA8B72700688624 /* Assets.xcassets */ = {isa = PBXFileReference; lastKnownFileType = folder.assetcatalog; path = Assets.xcassets; sourceTree = "<group>"; };
		B3BC6D9B1FA8B72700688624 /* Base */ = {isa = PBXFileReference; lastKnownFileType = file.storyboard; name = Base; path = Base.lproj/LaunchScreen.storyboard; sourceTree = "<group>"; };
		B3BC6D9D1FA8B72700688624 /* Info.plist */ = {isa = PBXFileReference; lastKnownFileType = text.plist.xml; path = Info.plist; sourceTree = "<group>"; };
		B3BC6DA21FA8B72700688624 /* PHPTRAVELSIOSTests.xctest */ = {isa = PBXFileReference; explicitFileType = wrapper.cfbundle; includeInIndex = 0; path = PHPTRAVELSIOSTests.xctest; sourceTree = BUILT_PRODUCTS_DIR; };
		B3BC6DA61FA8B72700688624 /* PHPTRAVELSIOSTests.swift */ = {isa = PBXFileReference; lastKnownFileType = sourcecode.swift; path = PHPTRAVELSIOSTests.swift; sourceTree = "<group>"; };
		B3BC6DA81FA8B72700688624 /* Info.plist */ = {isa = PBXFileReference; lastKnownFileType = text.plist.xml; path = Info.plist; sourceTree = "<group>"; };
		B3BC6DAD1FA8B72700688624 /* PHPTRAVELSIOSUITests.xctest */ = {isa = PBXFileReference; explicitFileType = wrapper.cfbundle; includeInIndex = 0; path = PHPTRAVELSIOSUITests.xctest; sourceTree = BUILT_PRODUCTS_DIR; };
		B3BC6DB11FA8B72700688624 /* PHPTRAVELSIOSUITests.swift */ = {isa = PBXFileReference; lastKnownFileType = sourcecode.swift; path = PHPTRAVELSIOSUITests.swift; sourceTree = "<group>"; };
		B3BC6DB31FA8B72700688624 /* Info.plist */ = {isa = PBXFileReference; lastKnownFileType = text.plist.xml; path = Info.plist; sourceTree = "<group>"; };
/* End PBXFileReference section */

/* Begin PBXFrameworksBuildPhase section */
		B3BC6D8B1FA8B72700688624 /* Frameworks */ = {
			isa = PBXFrameworksBuildPhase;
			buildActionMask = 2147483647;
			files = (
			);
			runOnlyForDeploymentPostprocessing = 0;
		};
		B3BC6D9F1FA8B72700688624 /* Frameworks */ = {
			isa = PBXFrameworksBuildPhase;
			buildActionMask = 2147483647;
			files = (
			);
			runOnlyForDeploymentPostprocessing = 0;
		};
		B3BC6DAA1FA8B72700688624 /* Frameworks */ = {
			isa = PBXFrameworksBuildPhase;
			buildActionMask = 2147483647;
			files = (
			);
			runOnlyForDeploymentPostprocessing = 0;
		};
/* End PBXFrameworksBuildPhase section */

/* Begin PBXGroup section */
		B3BC6D851FA8B72700688624 = {
			isa = PBXGroup;
			children = (
				B3BC6D901FA8B72700688624 /* PHPTRAVELSIOS */,
				B3BC6DA51FA8B72700688624 /* PHPTRAVELSIOSTests */,
				B3BC6DB01FA8B72700688624 /* PHPTRAVELSIOSUITests */,
				B3BC6D8F1FA8B72700688624 /* Products */,
			);
			sourceTree = "<group>";
		};
		B3BC6D8F1FA8B72700688624 /* Products */ = {
			isa = PBXGroup;
			children = (
				B3BC6D8E1FA8B72700688624 /* PHPTRAVELSIOS.app */,
				B3BC6DA21FA8B72700688624 /* PHPTRAVELSIOSTests.xctest */,
				B3BC6DAD1FA8B72700688624 /* PHPTRAVELSIOSUITests.xctest */,
			);
			name = Products;
			sourceTree = "<group>";
		};
		B3BC6D901FA8B72700688624 /* PHPTRAVELSIOS */ = {
			isa = PBXGroup;
			children = (
				B3BC6D911FA8B72700688624 /* AppDelegate.swift */,
				B3BC6D931FA8B72700688624 /* ViewController.swift */,
				B3BC6D951FA8B72700688624 /* Main.storyboard */,
				B3BC6D981FA8B72700688624 /* Assets.xcassets */,
				B3BC6D9A1FA8B72700688624 /* LaunchScreen.storyboard */,
				B3BC6D9D1FA8B72700688624 /* Info.plist */,
			);
			path = PHPTRAVELSIOS;
			sourceTree = "<group>";
		};
		B3BC6DA51FA8B72700688624 /* PHPTRAVELSIOSTests */ = {
			isa = PBXGroup;
			children = (
				B3BC6DA61FA8B72700688624 /* PHPTRAVELSIOSTests.swift */,
				B3BC6DA81FA8B72700688624 /* Info.plist */,
			);
			path = PHPTRAVELSIOSTests;
			sourceTree = "<group>";
		};
		B3BC6DB01FA8B72700688624 /* PHPTRAVELSIOSUITests */ = {
			isa = PBXGroup;
			children = (
				B3BC6DB11FA8B72700688624 /* PHPTRAVELSIOSUITests.swift */,
				B3BC6DB31FA8B72700688624 /* Info.plist */,
			);
			path = PHPTRAVELSIOSUITests;
			sourceTree = "<group>";
		};
/* End PBXGroup section */

/* Begin PBXNativeTarget section */
		B3BC6D8D1FA8B72700688624 /* PHPTRAVELSIOS */ = {
			isa = PBXNativeTarget;
			buildConfigurationList = B3BC6DB61FA8B72700688624 /* Build configuration list for PBXNativeTarget "PHPTRAVELSIOS" */;
			buildPhases = (
				B3BC6D8A1FA8B72700688624 /* Sources */,
				B3BC6D8B1FA8B72700688624 /* Frameworks */,
				B3BC6D8C1FA8B72700688624 /* Resources */,
			);
			buildRules = (
			);
			dependencies = (
			);
			name = PHPTRAVELSIOS;
			productName = PHPTRAVELSIOS;
			productReference = B3BC6D8E1FA8B72700688624 /* PHPTRAVELSIOS.app */;
			productType = "com.apple.product-type.application";
		};
		B3BC6DA11FA8B72700688624 /* PHPTRAVELSIOSTests */ = {
			isa = PBXNativeTarget;
			buildConfigurationList = B3BC6DB91FA8B72700688624 /* Build configuration list for PBXNativeTarget "PHPTRAVELSIOSTests" */;
			buildPhases = (
				B3BC6D9E1FA8B72700688624 /* Sources */,
				B3BC6D9F1FA8B72700688624 /* Frameworks */,
				B3BC6DA01FA8B72700688624 /* Resources */,
			);
			buildRules = (
			);
			dependencies = (
				B3BC6DA41FA8B72700688624 /* PBXTargetDependency */,
			);
			name = PHPTRAVELSIOSTests;
			productName = PHPTRAVELSIOSTests;
			productReference = B3BC6DA21FA8B72700688624 /* PHPTRAVELSIOSTests.xctest */;
			productType = "com.apple.product-type.bundle.unit-test";
		};
		B3BC6DAC1FA8B72700688624 /* PHPTRAVELSIOSUITests */ = {
			isa = PBXNativeTarget;
			buildConfigurationList = B3BC6DBC1FA8B72700688624 /* Build configuration list for PBXNativeTarget "PHPTRAVELSIOSUITests" */;
			buildPhases = (
				B3BC6DA91FA8B72700688624 /* Sources */,
				B3BC6DAA1FA8B72700688624 /* Frameworks */,
				B3BC6DAB1FA8B72700688624 /* Resources */,
			);
			buildRules = (
			);
			dependencies = (
				B3BC6DAF1FA8B72700688624 /* PBXTargetDependency */,
			);
			name = PHPTRAVELSIOSUITests;
			productName = PHPTRAVELSIOSUITests;
			productReference = B3BC6DAD1FA8B72700688624 /* PHPTRAVELSIOSUITests.xctest */;
			productType = "com.apple.product-type.bundle.ui-testing";
		};
/* End PBXNativeTarget section */

/* Begin PBXProject section */
		B3BC6D861FA8B72700688624 /* Project object */ = {
			isa = PBXProject;
			attributes = {
				LastSwiftUpdateCheck = 0900;
				LastUpgradeCheck = 0900;
				ORGANIZATIONNAME = "Qasim Hussain";
				TargetAttributes = {
					B3BC6D8D1FA8B72700688624 = {
						CreatedOnToolsVersion = 9.0.1;
						ProvisioningStyle = Automatic;
					};
					B3BC6DA11FA8B72700688624 = {
						CreatedOnToolsVersion = 9.0.1;
						ProvisioningStyle = Automatic;
						TestTargetID = B3BC6D8D1FA8B72700688624;
					};
					B3BC6DAC1FA8B72700688624 = {
						CreatedOnToolsVersion = 9.0.1;
						ProvisioningStyle = Automatic;
						TestTargetID = B3BC6D8D1FA8B72700688624;
					};
				};
			};
			buildConfigurationList = B3BC6D891FA8B72700688624 /* Build configuration list for PBXProject "PHPTRAVELSIOS" */;
			compatibilityVersion = "Xcode 8.0";
			developmentRegion = en;
			hasScannedForEncodings = 0;
			knownRegions = (
				en,
				Base,
			);
			mainGroup = B3BC6D851FA8B72700688624;
			productRefGroup = B3BC6D8F1FA8B72700688624 /* Products */;
			projectDirPath = "";
			projectRoot = "";
			targets = (
				B3BC6D8D1FA8B72700688624 /* PHPTRAVELSIOS */,
				B3BC6DA11FA8B72700688624 /* PHPTRAVELSIOSTests */,
				B3BC6DAC1FA8B72700688624 /* PHPTRAVELSIOSUITests */,
			);
		};
/* End PBXProject section */

/* Begin PBXResourcesBuildPhase section */
		B3BC6D8C1FA8B72700688624 /* Resources */ = {
			isa = PBXResourcesBuildPhase;
			buildActionMask = 2147483647;
			files = (
				B3BC6D9C1FA8B72700688624 /* LaunchScreen.storyboard in Resources */,
				B3BC6D991FA8B72700688624 /* Assets.xcassets in Resources */,
				B3BC6D971FA8B72700688624 /* Main.storyboard in Resources */,
			);
			runOnlyForDeploymentPostprocessing = 0;
		};
		B3BC6DA01FA8B72700688624 /* Resources */ = {
			isa = PBXResourcesBuildPhase;
			buildActionMask = 2147483647;
			files = (
			);
			runOnlyForDeploymentPostprocessing = 0;
		};
		B3BC6DAB1FA8B72700688624 /* Resources */ = {
			isa = PBXResourcesBuildPhase;
			buildActionMask = 2147483647;
			files = (
			);
			runOnlyForDeploymentPostprocessing = 0;
		};
/* End PBXResourcesBuildPhase section */

/* Begin PBXSourcesBuildPhase section */
		B3BC6D8A1FA8B72700688624 /* Sources */ = {
			isa = PBXSourcesBuildPhase;
			buildActionMask = 2147483647;
			files = (
				B3BC6D941FA8B72700688624 /* ViewController.swift in Sources */,
				B3BC6D921FA8B72700688624 /* AppDelegate.swift in Sources */,
			);
			runOnlyForDeploymentPostprocessing = 0;
		};
		B3BC6D9E1FA8B72700688624 /* Sources */ = {
			isa = PBXSourcesBuildPhase;
			buildActionMask = 2147483647;
			files = (
				B3BC6DA71FA8B72700688624 /* PHPTRAVELSIOSTests.swift in Sources */,
			);
			runOnlyForDeploymentPostprocessing = 0;
		};
		B3BC6DA91FA8B72700688624 /* Sources */ = {
			isa = PBXSourcesBuildPhase;
			buildActionMask = 2147483647;
			files = (
				B3BC6DB21FA8B72700688624 /* PHPTRAVELSIOSUITests.swift in Sources */,
			);
			runOnlyForDeploymentPostprocessing = 0;
		};
/* End PBXSourcesBuildPhase section */

/* Begin PBXTargetDependency section */
		B3BC6DA41FA8B72700688624 /* PBXTargetDependency */ = {
			isa = PBXTargetDependency;
			target = B3BC6D8D1FA8B72700688624 /* PHPTRAVELSIOS */;
			targetProxy = B3BC6DA31FA8B72700688624 /* PBXContainerItemProxy */;
		};
		B3BC6DAF1FA8B72700688624 /* PBXTargetDependency */ = {
			isa = PBXTargetDependency;
			target = B3BC6D8D1FA8B72700688624 /* PHPTRAVELSIOS */;
			targetProxy = B3BC6DAE1FA8B72700688624 /* PBXContainerItemProxy */;
		};
/* End PBXTargetDependency section */

/* Begin PBXVariantGroup section */
		B3BC6D951FA8B72700688624 /* Main.storyboard */ = {
			isa = PBXVariantGroup;
			children = (
				B3BC6D961FA8B72700688624 /* Base */,
			);
			name = Main.storyboard;
			sourceTree = "<group>";
		};
		B3BC6D9A1FA8B72700688624 /* LaunchScreen.storyboard */ = {
			isa = PBXVariantGroup;
			children = (
				B3BC6D9B1FA8B72700688624 /* Base */,
			);
			name = LaunchScreen.storyboard;
			sourceTree = "<group>";
		};
/* End PBXVariantGroup section */

/* Begin XCBuildConfiguration section */
		B3BC6DB41FA8B72700688624 /* Debug */ = {
			isa = XCBuildConfiguration;
			buildSettings = {
				ALWAYS_SEARCH_USER_PATHS = NO;
				CLANG_ANALYZER_NONNULL = YES;
				CLANG_ANALYZER_NUMBER_OBJECT_CONVERSION = YES_AGGRESSIVE;
				CLANG_CXX_LANGUAGE_STANDARD = "gnu++14";
				CLANG_CXX_LIBRARY = "libc++";
				CLANG_ENABLE_MODULES = YES;
				CLANG_ENABLE_OBJC_ARC = YES;
				CLANG_WARN_BLOCK_CAPTURE_AUTORELEASING = YES;
				CLANG_WARN_BOOL_CONVERSION = YES;
				CLANG_WARN_COMMA = YES;
				CLANG_WARN_CONSTANT_CONVERSION = YES;
				CLANG_WARN_DIRECT_OBJC_ISA_USAGE = YES_ERROR;
				CLANG_WARN_DOCUMENTATION_COMMENTS = YES;
				CLANG_WARN_EMPTY_BODY = YES;
				CLANG_WARN_ENUM_CONVERSION = YES;
				CLANG_WARN_INFINITE_RECURSION = YES;
				CLANG_WARN_INT_CONVERSION = YES;
				CLANG_WARN_NON_LITERAL_NULL_CONVERSION = YES;
				CLANG_WARN_OBJC_LITERAL_CONVERSION = YES;
				CLANG_WARN_OBJC_ROOT_CLASS = YES_ERROR;
				CLANG_WARN_RANGE_LOOP_ANALYSIS = YES;
				CLANG_WARN_STRICT_PROTOTYPES = YES;
				CLANG_WARN_SUSPICIOUS_MOVE = YES;
				CLANG_WARN_UNGUARDED_AVAILABILITY = YES_AGGRESSIVE;
				CLANG_WARN_UNREACHABLE_CODE = YES;
				CLANG_WARN__DUPLICATE_METHOD_MATCH = YES;
				CODE_SIGN_IDENTITY = "iPhone Developer";
				COPY_PHASE_STRIP = NO;
				DEBUG_INFORMATION_FORMAT = dwarf;
				ENABLE_STRICT_OBJC_MSGSEND = YES;
				ENABLE_TESTABILITY = YES;
				GCC_C_LANGUAGE_STANDARD = gnu11;
				GCC_DYNAMIC_NO_PIC = NO;
				GCC_NO_COMMON_BLOCKS = YES;
				GCC_OPTIMIZATION_LEVEL = 0;
				GCC_PREPROCESSOR_DEFINITIONS = (
					"DEBUG=1",
					"$(inherited)",
				);
				GCC_WARN_64_TO_32_BIT_CONVERSION = YES;
				GCC_WARN_ABOUT_RETURN_TYPE = YES_ERROR;
				GCC_WARN_UNDECLARED_SELECTOR = YES;
				GCC_WARN_UNINITIALIZED_AUTOS = YES_AGGRESSIVE;
				GCC_WARN_UNUSED_FUNCTION = YES;
				GCC_WARN_UNUSED_VARIABLE = YES;
				IPHONEOS_DEPLOYMENT_TARGET = 11.0;
				MTL_ENABLE_DEBUG_INFO = YES;
				ONLY_ACTIVE_ARCH = YES;
				SDKROOT = iphoneos;
				SWIFT_ACTIVE_COMPILATION_CONDITIONS = DEBUG;
				SWIFT_OPTIMIZATION_LEVEL = "-Onone";
			};
			name = Debug;
		};
		B3BC6DB51FA8B72700688624 /* Release */ = {
			isa = XCBuildConfiguration;
			buildSettings = {
				ALWAYS_SEARCH_USER_PATHS = NO;
				CLANG_ANALYZER_NONNULL = YES;
				CLANG_ANALYZER_NUMBER_OBJECT_CONVERSION = YES_AGGRESSIVE;
				CLANG_CXX_LANGUAGE_STANDARD = "gnu++14";
				CLANG_CXX_LIBRARY = "libc++";
				CLANG_ENABLE_MODULES = YES;
				CLANG_ENABLE_OBJC_ARC = YES;
				CLANG_WARN_BLOCK_CAPTURE_AUTORELEASING = YES;
				CLANG_WARN_BOOL_CONVERSION = YES;
				CLANG_WARN_COMMA = YES;
				CLANG_WARN_CONSTANT_CONVERSION = YES;
				CLANG_WARN_DIRECT_OBJC_ISA_USAGE = YES_ERROR;
				CLANG_WARN_DOCUMENTATION_COMMENTS = YES;
				CLANG_WARN_EMPTY_BODY = YES;
				CLANG_WARN_ENUM_CONVERSION = YES;
				CLANG_WARN_INFINITE_RECURSION = YES;
				CLANG_WARN_INT_CONVERSION = YES;
				CLANG_WARN_NON_LITERAL_NULL_CONVERSION = YES;
				CLANG_WARN_OBJC_LITERAL_CONVERSION = YES;
				CLANG_WARN_OBJC_ROOT_CLASS = YES_ERROR;
				CLANG_WARN_RANGE_LOOP_ANALYSIS = YES;
				CLANG_WARN_STRICT_PROTOTYPES = YES;
				CLANG_WARN_SUSPICIOUS_MOVE = YES;
				CLANG_WARN_UNGUARDED_AVAILABILITY = YES_AGGRESSIVE;
				CLANG_WARN_UNREACHABLE_CODE = YES;
				CLANG_WARN__DUPLICATE_METHOD_MATCH = YES;
				CODE_SIGN_IDENTITY = "iPhone Developer";
				COPY_PHASE_STRIP = NO;
				DEBUG_INFORMATION_FORMAT = "dwarf-with-dsym";
				ENABLE_NS_ASSERTIONS = NO;
				ENABLE_STRICT_OBJC_MSGSEND = YES;
				GCC_C_LANGUAGE_STANDARD = gnu11;
				GCC_NO_COMMON_BLOCKS = YES;
				GCC_WARN_64_TO_32_BIT_CONVERSION = YES;
				GCC_WARN_ABOUT_RETURN_TYPE = YES_ERROR;
				GCC_WARN_UNDECLARED_SELECTOR = YES;
				GCC_WARN_UNINITIALIZED_AUTOS = YES_AGGRESSIVE;
				GCC_WARN_UNUSED_FUNCTION = YES;
				GCC_WARN_UNUSED_VARIABLE = YES;
				IPHONEOS_DEPLOYMENT_TARGET = 11.0;
				MTL_ENABLE_DEBUG_INFO = NO;
				SDKROOT = iphoneos;
				SWIFT_OPTIMIZATION_LEVEL = "-Owholemodule";
				VALIDATE_PRODUCT = YES;
			};
			name = Release;
		};
		B3BC6DB71FA8B72700688624 /* Debug */ = {
			isa = XCBuildConfiguration;
			buildSettings = {
				ASSETCATALOG_COMPILER_APPICON_NAME = AppIcon;
				CODE_SIGN_STYLE = Automatic;
				INFOPLIST_FILE = PHPTRAVELSIOS/Info.plist;
				LD_RUNPATH_SEARCH_PATHS = "$(inherited) @executable_path/Frameworks";
				PRODUCT_BUNDLE_IDENTIFIER = com.PHPTRAVELSIOS;
				PRODUCT_NAME = "$(TARGET_NAME)";
				SWIFT_VERSION = 4.0;
				TARGETED_DEVICE_FAMILY = "1,2";
			};
			name = Debug;
		};
		B3BC6DB81FA8B72700688624 /* Release */ = {
			isa = XCBuildConfiguration;
			buildSettings = {
				ASSETCATALOG_COMPILER_APPICON_NAME = AppIcon;
				CODE_SIGN_STYLE = Automatic;
				INFOPLIST_FILE = PHPTRAVELSIOS/Info.plist;
				LD_RUNPATH_SEARCH_PATHS = "$(inherited) @executable_path/Frameworks";
				PRODUCT_BUNDLE_IDENTIFIER = com.PHPTRAVELSIOS;
				PRODUCT_NAME = "$(TARGET_NAME)";
				SWIFT_VERSION = 4.0;
				TARGETED_DEVICE_FAMILY = "1,2";
			};
			name = Release;
		};
		B3BC6DBA1FA8B72700688624 /* Debug */ = {
			isa = XCBuildConfiguration;
			buildSettings = {
				ALWAYS_EMBED_SWIFT_STANDARD_LIBRARIES = YES;
				BUNDLE_LOADER = "$(TEST_HOST)";
				CODE_SIGN_STYLE = Automatic;
				INFOPLIST_FILE = PHPTRAVELSIOSTests/Info.plist;
				LD_RUNPATH_SEARCH_PATHS = "$(inherited) @executable_path/Frameworks @loader_path/Frameworks";
				PRODUCT_BUNDLE_IDENTIFIER = com.PHPTRAVELSIOSTests;
				PRODUCT_NAME = "$(TARGET_NAME)";
				SWIFT_VERSION = 4.0;
				TARGETED_DEVICE_FAMILY = "1,2";
				TEST_HOST = "$(BUILT_PRODUCTS_DIR)/PHPTRAVELSIOS.app/PHPTRAVELSIOS";
			};
			name = Debug;
		};
		B3BC6DBB1FA8B72700688624 /* Release */ = {
			isa = XCBuildConfiguration;
			buildSettings = {
				ALWAYS_EMBED_SWIFT_STANDARD_LIBRARIES = YES;
				BUNDLE_LOADER = "$(TEST_HOST)";
				CODE_SIGN_STYLE = Automatic;
				INFOPLIST_FILE = PHPTRAVELSIOSTests/Info.plist;
				LD_RUNPATH_SEARCH_PATHS = "$(inherited) @executable_path/Frameworks @loader_path/Frameworks";
				PRODUCT_BUNDLE_IDENTIFIER = com.PHPTRAVELSIOSTests;
				PRODUCT_NAME = "$(TARGET_NAME)";
				SWIFT_VERSION = 4.0;
				TARGETED_DEVICE_FAMILY = "1,2";
				TEST_HOST = "$(BUILT_PRODUCTS_DIR)/PHPTRAVELSIOS.app/PHPTRAVELSIOS";
			};
			name = Release;
		};
		B3BC6DBD1FA8B72700688624 /* Debug */ = {
			isa = XCBuildConfiguration;
			buildSettings = {
				ALWAYS_EMBED_SWIFT_STANDARD_LIBRARIES = YES;
				CODE_SIGN_STYLE = Automatic;
				INFOPLIST_FILE = PHPTRAVELSIOSUITests/Info.plist;
				LD_RUNPATH_SEARCH_PATHS = "$(inherited) @executable_path/Frameworks @loader_path/Frameworks";
				PRODUCT_BUNDLE_IDENTIFIER = com.PHPTRAVELSIOSUITests;
				PRODUCT_NAME = "$(TARGET_NAME)";
				SWIFT_VERSION = 4.0;
				TARGETED_DEVICE_FAMILY = "1,2";
				TEST_TARGET_NAME = PHPTRAVELSIOS;
			};
			name = Debug;
		};
		B3BC6DBE1FA8B72700688624 /* Release */ = {
			isa = XCBuildConfiguration;
			buildSettings = {
				ALWAYS_EMBED_SWIFT_STANDARD_LIBRARIES = YES;
				CODE_SIGN_STYLE = Automatic;
				INFOPLIST_FILE = PHPTRAVELSIOSUITests/Info.plist;
				LD_RUNPATH_SEARCH_PATHS = "$(inherited) @executable_path/Frameworks @loader_path/Frameworks";
				PRODUCT_BUNDLE_IDENTIFIER = com.PHPTRAVELSIOSUITests;
				PRODUCT_NAME = "$(TARGET_NAME)";
				SWIFT_VERSION = 4.0;
				TARGETED_DEVICE_FAMILY = "1,2";
				TEST_TARGET_NAME = PHPTRAVELSIOS;
			};
			name = Release;
		};
/* End XCBuildConfiguration section */

/* Begin XCConfigurationList section */
		B3BC6D891FA8B72700688624 /* Build configuration list for PBXProject "PHPTRAVELSIOS" */ = {
			isa = XCConfigurationList;
			buildConfigurations = (
				B3BC6DB41FA8B72700688624 /* Debug */,
				B3BC6DB51FA8B72700688624 /* Release */,
			);
			defaultConfigurationIsVisible = 0;
			defaultConfigurationName = Release;
		};
		B3BC6DB61FA8B72700688624 /* Build configuration list for PBXNativeTarget "PHPTRAVELSIOS" */ = {
			isa = XCConfigurationList;
			buildConfigurations = (
				B3BC6DB71FA8B72700688624 /* Debug */,
				B3BC6DB81FA8B72700688624 /* Release */,
			);
			defaultConfigurationIsVisible = 0;
			defaultConfigurationName = Release;
		};
		B3BC6DB91FA8B72700688624 /* Build configuration list for PBXNativeTarget "PHPTRAVELSIOSTests" */ = {
			isa = XCConfigurationList;
			buildConfigurations = (
				B3BC6DBA1FA8B72700688624 /* Debug */,
				B3BC6DBB1FA8B72700688624 /* Release */,
			);
			defaultConfigurationIsVisible = 0;
			defaultConfigurationName = Release;
		};
		B3BC6DBC1FA8B72700688624 /* Build configuration list for PBXNativeTarget "PHPTRAVELSIOSUITests" */ = {
			isa = XCConfigurationList;
			buildConfigurations = (
				B3BC6DBD1FA8B72700688624 /* Debug */,
				B3BC6DBE1FA8B72700688624 /* Release */,
			);
			defaultConfigurationIsVisible = 0;
			defaultConfigurationName = Release;
		};
/* End XCConfigurationList section */
	};
	rootObject = B3BC6D861FA8B72700688624 /* Project object */;
}
